
Microsoft Visual Studio Solution File, Format Version 12.00
# Visual Studio Version 17
VisualStudioVersion = 17.6.33815.320
MinimumVisualStudioVersion = 10.0.40219.1
Project("{FAE04EC0-301F-11D3-BF4B-00C04F79EFBC}") = "SeZaVashitePotrebi", "SeZaVashitePotrebi\SeZaVashitePotrebi.csproj", "{B3C9099E-F2DD-40E4-A8B6-42ECC5489BBD}"
EndProject
Global
	GlobalSection(SolutionConfigurationPlatforms) = preSolution
		Debug|Any CPU = Debug|Any CPU
		Release|Any CPU = Release|Any CPU
	EndGlobalSection
	GlobalSection(ProjectConfigurationPlatforms) = postSolution
		{B3C9099E-F2DD-40E4-A8B6-42ECC5489BBD}.Debug|Any CPU.ActiveCfg = Debug|Any CPU
		{B3C9099E-F2DD-40E4-A8B6-42ECC5489BBD}.Debug|Any CPU.Build.0 = Debug|Any CPU
		{B3C9099E-F2DD-40E4-A8B6-42ECC5489BBD}.Release|Any CPU.ActiveCfg = Release|Any CPU
		{B3C9099E-F2DD-40E4-A8B6-42ECC5489BBD}.Release|Any CPU.Build.0 = Release|Any CPU
	EndGlobalSection
	GlobalSection(SolutionProperties) = preSolution
		HideSolutionNode = FALSE
	EndGlobalSection
	GlobalSection(ExtensibilityGlobals) = postSolution
		SolutionGuid = {5DA922D3-B553-4AE0-98E6-00AAB1148F2D}
	EndGlobalSection
EndGlobal
